// !$*UTF8*$!
{
	archiveVersion = 1;
	classes = {
	};
	objectVersion = 46;
	objects = {

/* Begin PBXBuildFile section */
		8D7DCD4B1BAF859400A92AD2 /* main.m in Sources */ = {isa = PBXBuildFile; fileRef = 8D7DCD4A1BAF859400A92AD2 /* main.m */; };
		8D7DCD4E1BAF859400A92AD2 /* AppDelegate.m in Sources */ = {isa = PBXBuildFile; fileRef = 8D7DCD4D1BAF859400A92AD2 /* AppDelegate.m */; };
		8D7DCD541BAF859400A92AD2 /* Main.storyboard in Resources */ = {isa = PBXBuildFile; fileRef = 8D7DCD521BAF859400A92AD2 /* Main.storyboard */; };
		8D7DCD561BAF859400A92AD2 /* Assets.xcassets in Resources */ = {isa = PBXBuildFile; fileRef = 8D7DCD551BAF859400A92AD2 /* Assets.xcassets */; };
		8D7DCD591BAF859400A92AD2 /* LaunchScreen.storyboard in Resources */ = {isa = PBXBuildFile; fileRef = 8D7DCD571BAF859400A92AD2 /* LaunchScreen.storyboard */; };
		9A70E5B31BB4CE3B004FCED1 /* NSString+NSString_Sanitize.m in Sources */ = {isa = PBXBuildFile; fileRef = 9A70E5B21BB4CE3B004FCED1 /* NSString+NSString_Sanitize.m */; settings = {ASSET_TAGS = (); }; };
		9A70E5BC1BB4FE28004FCED1 /* DirectionsTableViewCell.m in Sources */ = {isa = PBXBuildFile; fileRef = 9A70E5BB1BB4FE28004FCED1 /* DirectionsTableViewCell.m */; settings = {ASSET_TAGS = (); }; };
		9A880C4C1BB1B86C0096C660 /* GoogleMapsViewController.m in Sources */ = {isa = PBXBuildFile; fileRef = 9A880C4B1BB1B86C0096C660 /* GoogleMapsViewController.m */; settings = {ASSET_TAGS = (); }; };
		9A880C4E1BB1D97E0096C660 /* CoreLocation.framework in Frameworks */ = {isa = PBXBuildFile; fileRef = 9A880C4D1BB1D97E0096C660 /* CoreLocation.framework */; };
		9AE948401BAF931400787EA3 /* APIManager.m in Sources */ = {isa = PBXBuildFile; fileRef = 9AE9483F1BAF931400787EA3 /* APIManager.m */; settings = {ASSET_TAGS = (); }; };
		9AE948431BAF95A300787EA3 /* SearchLocationViewController.m in Sources */ = {isa = PBXBuildFile; fileRef = 9AE948421BAF95A300787EA3 /* SearchLocationViewController.m */; settings = {ASSET_TAGS = (); }; };
		9AED01531BAFB1E6007542DC /* SearchResults.m in Sources */ = {isa = PBXBuildFile; fileRef = 9AED01521BAFB1E5007542DC /* SearchResults.m */; settings = {ASSET_TAGS = (); }; };
		BE04C3D1E5518055D4B76440 /* libPods-TalkinToTheNet.a in Frameworks */ = {isa = PBXBuildFile; fileRef = 37904BB1087F2E6E22DA4EFC /* libPods-TalkinToTheNet.a */; };
/* End PBXBuildFile section */

/* Begin PBXFileReference section */
		37904BB1087F2E6E22DA4EFC /* libPods-TalkinToTheNet.a */ = {isa = PBXFileReference; explicitFileType = archive.ar; includeInIndex = 0; path = "libPods-TalkinToTheNet.a"; sourceTree = BUILT_PRODUCTS_DIR; };
		8D7DCD461BAF859400A92AD2 /* TalkinToTheNet.app */ = {isa = PBXFileReference; explicitFileType = wrapper.application; includeInIndex = 0; path = TalkinToTheNet.app; sourceTree = BUILT_PRODUCTS_DIR; };
		8D7DCD4A1BAF859400A92AD2 /* main.m */ = {isa = PBXFileReference; lastKnownFileType = sourcecode.c.objc; path = main.m; sourceTree = "<group>"; };
		8D7DCD4C1BAF859400A92AD2 /* AppDelegate.h */ = {isa = PBXFileReference; lastKnownFileType = sourcecode.c.h; path = AppDelegate.h; sourceTree = "<group>"; };
		8D7DCD4D1BAF859400A92AD2 /* AppDelegate.m */ = {isa = PBXFileReference; lastKnownFileType = sourcecode.c.objc; path = AppDelegate.m; sourceTree = "<group>"; };
		8D7DCD531BAF859400A92AD2 /* Base */ = {isa = PBXFileReference; lastKnownFileType = file.storyboard; name = Base; path = Base.lproj/Main.storyboard; sourceTree = "<group>"; };
		8D7DCD551BAF859400A92AD2 /* Assets.xcassets */ = {isa = PBXFileReference; lastKnownFileType = folder.assetcatalog; path = Assets.xcassets; sourceTree = "<group>"; };
		8D7DCD581BAF859400A92AD2 /* Base */ = {isa = PBXFileReference; lastKnownFileType = file.storyboard; name = Base; path = Base.lproj/LaunchScreen.storyboard; sourceTree = "<group>"; };
		8D7DCD5A1BAF859400A92AD2 /* Info.plist */ = {isa = PBXFileReference; lastKnownFileType = text.plist.xml; path = Info.plist; sourceTree = "<group>"; };
		9A70E5B11BB4CE3B004FCED1 /* NSString+NSString_Sanitize.h */ = {isa = PBXFileReference; fileEncoding = 4; lastKnownFileType = sourcecode.c.h; path = "NSString+NSString_Sanitize.h"; sourceTree = "<group>"; };
		9A70E5B21BB4CE3B004FCED1 /* NSString+NSString_Sanitize.m */ = {isa = PBXFileReference; fileEncoding = 4; lastKnownFileType = sourcecode.c.objc; path = "NSString+NSString_Sanitize.m"; sourceTree = "<group>"; };
		9A70E5BA1BB4FE28004FCED1 /* DirectionsTableViewCell.h */ = {isa = PBXFileReference; fileEncoding = 4; lastKnownFileType = sourcecode.c.h; path = DirectionsTableViewCell.h; sourceTree = "<group>"; };
		9A70E5BB1BB4FE28004FCED1 /* DirectionsTableViewCell.m */ = {isa = PBXFileReference; fileEncoding = 4; lastKnownFileType = sourcecode.c.objc; path = DirectionsTableViewCell.m; sourceTree = "<group>"; };
		9A880C4A1BB1B86C0096C660 /* GoogleMapsViewController.h */ = {isa = PBXFileReference; fileEncoding = 4; lastKnownFileType = sourcecode.c.h; path = GoogleMapsViewController.h; sourceTree = "<group>"; };
		9A880C4B1BB1B86C0096C660 /* GoogleMapsViewController.m */ = {isa = PBXFileReference; fileEncoding = 4; lastKnownFileType = sourcecode.c.objc; path = GoogleMapsViewController.m; sourceTree = "<group>"; };
		9A880C4D1BB1D97E0096C660 /* CoreLocation.framework */ = {isa = PBXFileReference; lastKnownFileType = wrapper.framework; name = CoreLocation.framework; path = System/Library/Frameworks/CoreLocation.framework; sourceTree = SDKROOT; };
		9AE9483E1BAF931400787EA3 /* APIManager.h */ = {isa = PBXFileReference; fileEncoding = 4; lastKnownFileType = sourcecode.c.h; path = APIManager.h; sourceTree = "<group>"; };
		9AE9483F1BAF931400787EA3 /* APIManager.m */ = {isa = PBXFileReference; fileEncoding = 4; lastKnownFileType = sourcecode.c.objc; path = APIManager.m; sourceTree = "<group>"; };
		9AE948411BAF95A300787EA3 /* SearchLocationViewController.h */ = {isa = PBXFileReference; fileEncoding = 4; lastKnownFileType = sourcecode.c.h; path = SearchLocationViewController.h; sourceTree = "<group>"; };
		9AE948421BAF95A300787EA3 /* SearchLocationViewController.m */ = {isa = PBXFileReference; fileEncoding = 4; lastKnownFileType = sourcecode.c.objc; path = SearchLocationViewController.m; sourceTree = "<group>"; };
		9AED01511BAFB1E5007542DC /* SearchResults.h */ = {isa = PBXFileReference; fileEncoding = 4; lastKnownFileType = sourcecode.c.h; path = SearchResults.h; sourceTree = "<group>"; };
		9AED01521BAFB1E5007542DC /* SearchResults.m */ = {isa = PBXFileReference; fileEncoding = 4; lastKnownFileType = sourcecode.c.objc; path = SearchResults.m; sourceTree = "<group>"; };
		C3F4742B6FCD6E2D726BC30F /* Pods-TalkinToTheNet.debug.xcconfig */ = {isa = PBXFileReference; includeInIndex = 1; lastKnownFileType = text.xcconfig; name = "Pods-TalkinToTheNet.debug.xcconfig"; path = "Pods/Target Support Files/Pods-TalkinToTheNet/Pods-TalkinToTheNet.debug.xcconfig"; sourceTree = "<group>"; };
		D0C3C9C8BE7B790D4EA3E92E /* Pods-TalkinToTheNet.release.xcconfig */ = {isa = PBXFileReference; includeInIndex = 1; lastKnownFileType = text.xcconfig; name = "Pods-TalkinToTheNet.release.xcconfig"; path = "Pods/Target Support Files/Pods-TalkinToTheNet/Pods-TalkinToTheNet.release.xcconfig"; sourceTree = "<group>"; };
/* End PBXFileReference section */

/* Begin PBXFrameworksBuildPhase section */
		8D7DCD431BAF859400A92AD2 /* Frameworks */ = {
			isa = PBXFrameworksBuildPhase;
			buildActionMask = 2147483647;
			files = (
				9A880C4E1BB1D97E0096C660 /* CoreLocation.framework in Frameworks */,
				BE04C3D1E5518055D4B76440 /* libPods-TalkinToTheNet.a in Frameworks */,
			);
			runOnlyForDeploymentPostprocessing = 0;
		};
/* End PBXFrameworksBuildPhase section */

/* Begin PBXGroup section */
		0795E36FFBC8451E2FF0F4A8 /* Frameworks */ = {
			isa = PBXGroup;
			children = (
				9A880C4D1BB1D97E0096C660 /* CoreLocation.framework */,
				37904BB1087F2E6E22DA4EFC /* libPods-TalkinToTheNet.a */,
			);
			name = Frameworks;
			sourceTree = "<group>";
		};
		8D7DCD3D1BAF859400A92AD2 = {
			isa = PBXGroup;
			children = (
				8D7DCD481BAF859400A92AD2 /* TalkinToTheNet */,
				8D7DCD471BAF859400A92AD2 /* Products */,
				BE6FBB787B076B1E061E9E6C /* Pods */,
				0795E36FFBC8451E2FF0F4A8 /* Frameworks */,
			);
			sourceTree = "<group>";
		};
		8D7DCD471BAF859400A92AD2 /* Products */ = {
			isa = PBXGroup;
			children = (
				8D7DCD461BAF859400A92AD2 /* TalkinToTheNet.app */,
			);
			name = Products;
			sourceTree = "<group>";
		};
		8D7DCD481BAF859400A92AD2 /* TalkinToTheNet */ = {
			isa = PBXGroup;
			children = (
				9A9E57B91BB58929004D2DEE /* Delegates + Classes */,
				9A9E57BA1BB5896E004D2DEE /* View Controllers */,
				8D7DCD521BAF859400A92AD2 /* Main.storyboard */,
				8D7DCD551BAF859400A92AD2 /* Assets.xcassets */,
				8D7DCD571BAF859400A92AD2 /* LaunchScreen.storyboard */,
				8D7DCD5A1BAF859400A92AD2 /* Info.plist */,
				8D7DCD491BAF859400A92AD2 /* Supporting Files */,
			);
			path = TalkinToTheNet;
			sourceTree = "<group>";
		};
		8D7DCD491BAF859400A92AD2 /* Supporting Files */ = {
			isa = PBXGroup;
			children = (
				8D7DCD4A1BAF859400A92AD2 /* main.m */,
			);
			name = "Supporting Files";
			sourceTree = "<group>";
		};
		9A9E57B91BB58929004D2DEE /* Delegates + Classes */ = {
			isa = PBXGroup;
			children = (
				8D7DCD4C1BAF859400A92AD2 /* AppDelegate.h */,
				8D7DCD4D1BAF859400A92AD2 /* AppDelegate.m */,
				9AE9483E1BAF931400787EA3 /* APIManager.h */,
				9AE9483F1BAF931400787EA3 /* APIManager.m */,
				9AED01511BAFB1E5007542DC /* SearchResults.h */,
				9AED01521BAFB1E5007542DC /* SearchResults.m */,
				9A70E5BA1BB4FE28004FCED1 /* DirectionsTableViewCell.h */,
				9A70E5BB1BB4FE28004FCED1 /* DirectionsTableViewCell.m */,
				9A70E5B21BB4CE3B004FCED1 /* NSString+NSString_Sanitize.m */,
				9A70E5B11BB4CE3B004FCED1 /* NSString+NSString_Sanitize.h */,
			);
			name = "Delegates + Classes";
			sourceTree = "<group>";
		};
		9A9E57BA1BB5896E004D2DEE /* View Controllers */ = {
			isa = PBXGroup;
			children = (
				9AE948411BAF95A300787EA3 /* SearchLocationViewController.h */,
				9AE948421BAF95A300787EA3 /* SearchLocationViewController.m */,
				9A880C4A1BB1B86C0096C660 /* GoogleMapsViewController.h */,
				9A880C4B1BB1B86C0096C660 /* GoogleMapsViewController.m */,
			);
			name = "View Controllers";
			sourceTree = "<group>";
		};
		BE6FBB787B076B1E061E9E6C /* Pods */ = {
			isa = PBXGroup;
			children = (
				C3F4742B6FCD6E2D726BC30F /* Pods-TalkinToTheNet.debug.xcconfig */,
				D0C3C9C8BE7B790D4EA3E92E /* Pods-TalkinToTheNet.release.xcconfig */,
			);
			name = Pods;
			sourceTree = "<group>";
		};
/* End PBXGroup section */

/* Begin PBXNativeTarget section */
		8D7DCD451BAF859400A92AD2 /* TalkinToTheNet */ = {
			isa = PBXNativeTarget;
			buildConfigurationList = 8D7DCD5D1BAF859400A92AD2 /* Build configuration list for PBXNativeTarget "TalkinToTheNet" */;
			buildPhases = (
				C87DE72BAE5D8F83DA7C75DD /* Check Pods Manifest.lock */,
				8D7DCD421BAF859400A92AD2 /* Sources */,
				8D7DCD431BAF859400A92AD2 /* Frameworks */,
				8D7DCD441BAF859400A92AD2 /* Resources */,
				5401C8E249C8FE2875BEE277 /* Copy Pods Resources */,
			);
			buildRules = (
			);
			dependencies = (
			);
			name = TalkinToTheNet;
			productName = TalkinToTheNet;
			productReference = 8D7DCD461BAF859400A92AD2 /* TalkinToTheNet.app */;
			productType = "com.apple.product-type.application";
		};
/* End PBXNativeTarget section */

/* Begin PBXProject section */
		8D7DCD3E1BAF859400A92AD2 /* Project object */ = {
			isa = PBXProject;
			attributes = {
				LastUpgradeCheck = 0700;
				ORGANIZATIONNAME = "Mike Kavouras";
				TargetAttributes = {
					8D7DCD451BAF859400A92AD2 = {
						CreatedOnToolsVersion = 7.0;
						DevelopmentTeam = Z368FJ9ZFJ;
					};
				};
			};
			buildConfigurationList = 8D7DCD411BAF859400A92AD2 /* Build configuration list for PBXProject "TalkinToTheNet" */;
			compatibilityVersion = "Xcode 3.2";
			developmentRegion = English;
			hasScannedForEncodings = 0;
			knownRegions = (
				en,
				Base,
			);
			mainGroup = 8D7DCD3D1BAF859400A92AD2;
			productRefGroup = 8D7DCD471BAF859400A92AD2 /* Products */;
			projectDirPath = "";
			projectRoot = "";
			targets = (
				8D7DCD451BAF859400A92AD2 /* TalkinToTheNet */,
			);
		};
/* End PBXProject section */

/* Begin PBXResourcesBuildPhase section */
		8D7DCD441BAF859400A92AD2 /* Resources */ = {
			isa = PBXResourcesBuildPhase;
			buildActionMask = 2147483647;
			files = (
				8D7DCD591BAF859400A92AD2 /* LaunchScreen.storyboard in Resources */,
				8D7DCD561BAF859400A92AD2 /* Assets.xcassets in Resources */,
				8D7DCD541BAF859400A92AD2 /* Main.storyboard in Resources */,
			);
			runOnlyForDeploymentPostprocessing = 0;
		};
/* End PBXResourcesBuildPhase section */

/* Begin PBXShellScriptBuildPhase section */
		5401C8E249C8FE2875BEE277 /* Copy Pods Resources */ = {
			isa = PBXShellScriptBuildPhase;
			buildActionMask = 2147483647;
			files = (
			);
			inputPaths = (
			);
			name = "Copy Pods Resources";
			outputPaths = (
			);
			runOnlyForDeploymentPostprocessing = 0;
			shellPath = /bin/sh;
			shellScript = "\"${SRCROOT}/Pods/Target Support Files/Pods-TalkinToTheNet/Pods-TalkinToTheNet-resources.sh\"\n";
			showEnvVarsInLog = 0;
		};
		C87DE72BAE5D8F83DA7C75DD /* Check Pods Manifest.lock */ = {
			isa = PBXShellScriptBuildPhase;
			buildActionMask = 2147483647;
			files = (
			);
			inputPaths = (
			);
			name = "Check Pods Manifest.lock";
			outputPaths = (
			);
			runOnlyForDeploymentPostprocessing = 0;
			shellPath = /bin/sh;
			shellScript = "diff \"${PODS_ROOT}/../Podfile.lock\" \"${PODS_ROOT}/Manifest.lock\" > /dev/null\nif [[ $? != 0 ]] ; then\n    cat << EOM\nerror: The sandbox is not in sync with the Podfile.lock. Run 'pod install' or update your CocoaPods installation.\nEOM\n    exit 1\nfi\n";
			showEnvVarsInLog = 0;
		};
/* End PBXShellScriptBuildPhase section */

/* Begin PBXSourcesBuildPhase section */
		8D7DCD421BAF859400A92AD2 /* Sources */ = {
			isa = PBXSourcesBuildPhase;
			buildActionMask = 2147483647;
			files = (
				9AE948401BAF931400787EA3 /* APIManager.m in Sources */,
				9A70E5B31BB4CE3B004FCED1 /* NSString+NSString_Sanitize.m in Sources */,
				8D7DCD4E1BAF859400A92AD2 /* AppDelegate.m in Sources */,
				9A70E5BC1BB4FE28004FCED1 /* DirectionsTableViewCell.m in Sources */,
				9AED01531BAFB1E6007542DC /* SearchResults.m in Sources */,
				9AE948431BAF95A300787EA3 /* SearchLocationViewController.m in Sources */,
				9A880C4C1BB1B86C0096C660 /* GoogleMapsViewController.m in Sources */,
				8D7DCD4B1BAF859400A92AD2 /* main.m in Sources */,
			);
			runOnlyForDeploymentPostprocessing = 0;
		};
/* End PBXSourcesBuildPhase section */

/* Begin PBXVariantGroup section */
		8D7DCD521BAF859400A92AD2 /* Main.storyboard */ = {
			isa = PBXVariantGroup;
			children = (
				8D7DCD531BAF859400A92AD2 /* Base */,
			);
			name = Main.storyboard;
			sourceTree = "<group>";
		};
		8D7DCD571BAF859400A92AD2 /* LaunchScreen.storyboard */ = {
			isa = PBXVariantGroup;
			children = (
				8D7DCD581BAF859400A92AD2 /* Base */,
			);
			name = LaunchScreen.storyboard;
			sourceTree = "<group>";
		};
/* End PBXVariantGroup section */

/* Begin XCBuildConfiguration section */
		8D7DCD5B1BAF859400A92AD2 /* Debug */ = {
			isa = XCBuildConfiguration;
			buildSettings = {
				ALWAYS_SEARCH_USER_PATHS = NO;
				CLANG_CXX_LANGUAGE_STANDARD = "gnu++0x";
				CLANG_CXX_LIBRARY = "libc++";
				CLANG_ENABLE_MODULES = YES;
				CLANG_ENABLE_OBJC_ARC = YES;
				CLANG_WARN_BOOL_CONVERSION = YES;
				CLANG_WARN_CONSTANT_CONVERSION = YES;
				CLANG_WARN_DIRECT_OBJC_ISA_USAGE = YES_ERROR;
				CLANG_WARN_EMPTY_BODY = YES;
				CLANG_WARN_ENUM_CONVERSION = YES;
				CLANG_WARN_INT_CONVERSION = YES;
				CLANG_WARN_OBJC_ROOT_CLASS = YES_ERROR;
				CLANG_WARN_UNREACHABLE_CODE = YES;
				CLANG_WARN__DUPLICATE_METHOD_MATCH = YES;
				"CODE_SIGN_IDENTITY[sdk=iphoneos*]" = "iPhone Developer";
				COPY_PHASE_STRIP = NO;
				DEBUG_INFORMATION_FORMAT = dwarf;
				ENABLE_STRICT_OBJC_MSGSEND = YES;
				ENABLE_TESTABILITY = YES;
				GCC_C_LANGUAGE_STANDARD = gnu99;
				GCC_DYNAMIC_NO_PIC = NO;
				GCC_NO_COMMON_BLOCKS = YES;
				GCC_OPTIMIZATION_LEVEL = 0;
				GCC_PREPROCESSOR_DEFINITIONS = (
					"DEBUG=1",
					"$(inherited)",
				);
				GCC_WARN_64_TO_32_BIT_CONVERSION = YES;
				GCC_WARN_ABOUT_RETURN_TYPE = YES_ERROR;
				GCC_WARN_UNDECLARED_SELECTOR = YES;
				GCC_WARN_UNINITIALIZED_AUTOS = YES_AGGRESSIVE;
				GCC_WARN_UNUSED_FUNCTION = YES;
				GCC_WARN_UNUSED_VARIABLE = YES;
				IPHONEOS_DEPLOYMENT_TARGET = 9.0;
				MTL_ENABLE_DEBUG_INFO = YES;
				ONLY_ACTIVE_ARCH = YES;
				SDKROOT = iphoneos;
			};
			name = Debug;
		};
		8D7DCD5C1BAF859400A92AD2 /* Release */ = {
			isa = XCBuildConfiguration;
			buildSettings = {
				ALWAYS_SEARCH_USER_PATHS = NO;
				CLANG_CXX_LANGUAGE_STANDARD = "gnu++0x";
				CLANG_CXX_LIBRARY = "libc++";
				CLANG_ENABLE_MODULES = YES;
				CLANG_ENABLE_OBJC_ARC = YES;
				CLANG_WARN_BOOL_CONVERSION = YES;
				CLANG_WARN_CONSTANT_CONVERSION = YES;
				CLANG_WARN_DIRECT_OBJC_ISA_USAGE = YES_ERROR;
				CLANG_WARN_EMPTY_BODY = YES;
				CLANG_WARN_ENUM_CONVERSION = YES;
				CLANG_WARN_INT_CONVERSION = YES;
				CLANG_WARN_OBJC_ROOT_CLASS = YES_ERROR;
				CLANG_WARN_UNREACHABLE_CODE = YES;
				CLANG_WARN__DUPLICATE_METHOD_MATCH = YES;
				"CODE_SIGN_IDENTITY[sdk=iphoneos*]" = "iPhone Developer";
				COPY_PHASE_STRIP = NO;
				DEBUG_INFORMATION_FORMAT = "dwarf-with-dsym";
				ENABLE_NS_ASSERTIONS = NO;
				ENABLE_STRICT_OBJC_MSGSEND = YES;
				GCC_C_LANGUAGE_STANDARD = gnu99;
				GCC_NO_COMMON_BLOCKS = YES;
				GCC_WARN_64_TO_32_BIT_CONVERSION = YES;
				GCC_WARN_ABOUT_RETURN_TYPE = YES_ERROR;
				GCC_WARN_UNDECLARED_SELECTOR = YES;
				GCC_WARN_UNINITIALIZED_AUTOS = YES_AGGRESSIVE;
				GCC_WARN_UNUSED_FUNCTION = YES;
				GCC_WARN_UNUSED_VARIABLE = YES;
				IPHONEOS_DEPLOYMENT_TARGET = 9.0;
				MTL_ENABLE_DEBUG_INFO = NO;
				SDKROOT = iphoneos;
				VALIDATE_PRODUCT = YES;
			};
			name = Release;
		};
		8D7DCD5E1BAF859400A92AD2 /* Debug */ = {
			isa = XCBuildConfiguration;
			baseConfigurationReference = C3F4742B6FCD6E2D726BC30F /* Pods-TalkinToTheNet.debug.xcconfig */;
			buildSettings = {
				ASSETCATALOG_COMPILER_APPICON_NAME = AppIcon;
				CODE_SIGN_IDENTITY = "iPhone Developer";
				"CODE_SIGN_IDENTITY[sdk=iphoneos*]" = "iPhone Developer";
				INFOPLIST_FILE = TalkinToTheNet/Info.plist;
				IPHONEOS_DEPLOYMENT_TARGET = 8.4;
				LD_RUNPATH_SEARCH_PATHS = "$(inherited) @executable_path/Frameworks";
				LIBRARY_SEARCH_PATHS = (
					"$(inherited)",
					"$(PROJECT_DIR)",
				);
				PRODUCT_BUNDLE_IDENTIFIER = com.mikekavouras.TalkinToTheNet;
				PRODUCT_NAME = "$(TARGET_NAME)";
				PROVISIONING_PROFILE = "";
				TARGETED_DEVICE_FAMILY = 1;
			};
			name = Debug;
		};
		8D7DCD5F1BAF859400A92AD2 /* Release */ = {
			isa = XCBuildConfiguration;
			baseConfigurationReference = D0C3C9C8BE7B790D4EA3E92E /* Pods-TalkinToTheNet.release.xcconfig */;
			buildSettings = {
				ASSETCATALOG_COMPILER_APPICON_NAME = AppIcon;
				CODE_SIGN_IDENTITY = "iPhone Developer";
				"CODE_SIGN_IDENTITY[sdk=iphoneos*]" = "iPhone Developer";
				INFOPLIST_FILE = TalkinToTheNet/Info.plist;
				IPHONEOS_DEPLOYMENT_TARGET = 8.4;
				LD_RUNPATH_SEARCH_PATHS = "$(inherited) @executable_path/Frameworks";
				LIBRARY_SEARCH_PATHS = (
					"$(inherited)",
					"$(PROJECT_DIR)",
				);
				PRODUCT_BUNDLE_IDENTIFIER = com.mikekavouras.TalkinToTheNet;
				PRODUCT_NAME = "$(TARGET_NAME)";
				PROVISIONING_PROFILE = "";
				TARGETED_DEVICE_FAMILY = 1;
			};
			name = Release;
		};
/* End XCBuildConfiguration section */

/* Begin XCConfigurationList section */
		8D7DCD411BAF859400A92AD2 /* Build configuration list for PBXProject "TalkinToTheNet" */ = {
			isa = XCConfigurationList;
			buildConfigurations = (
				8D7DCD5B1BAF859400A92AD2 /* Debug */,
				8D7DCD5C1BAF859400A92AD2 /* Release */,
			);
			defaultConfigurationIsVisible = 0;
			defaultConfigurationName = Release;
		};
		8D7DCD5D1BAF859400A92AD2 /* Build configuration list for PBXNativeTarget "TalkinToTheNet" */ = {
			isa = XCConfigurationList;
			buildConfigurations = (
				8D7DCD5E1BAF859400A92AD2 /* Debug */,
				8D7DCD5F1BAF859400A92AD2 /* Release */,
			);
			defaultConfigurationIsVisible = 0;
			defaultConfigurationName = Release;
		};
/* End XCConfigurationList section */
	};
	rootObject = 8D7DCD3E1BAF859400A92AD2 /* Project object */;
}
